github.com/wzshiming/commandproxy v0.0.2 h1:hObWId+WBcxpktJr4oLwv/iKNP4PK8C5JOTkM/RYS10=
github.com/wzshiming/commandproxy v0.0.2/go.mod h1:wS6+aJ9KMHciqYX3xmDO0W+QVY0zvngeBvmoIFMfq8A=
github.com/wzshiming/httpproxy v0.1.6 h1:4mOvQKp7ar7ZI9xUzfNFw/5EICNALSwBbPlKWZ7jfWE=
github.com/wzshiming/httpproxy v0.1.6/go.mod h1:myauOlIvyxHEGg3v49vlDTNBdlYSi6zSGzZlE+YL4oQ=
